
Microsoft Visual Studio Solution File, Format Version 12.00
# Visual Studio Version 17
VisualStudioVersion = 17.3.32922.545
MinimumVisualStudioVersion = 10.0.40219.1
Project("{F184B08F-C81C-45F6-A57F-5ABD9991F28F}") = "P6_Projektil", "P6_Projektil\P6_Projektil.vbproj", "{D1431F52-7460-4618-8951-00F2D2A5584D}"
EndProject
Global
	GlobalSection(SolutionConfigurationPlatforms) = preSolution
		Debug|Any CPU = Debug|Any CPU
		Release|Any CPU = Release|Any CPU
	EndGlobalSection
	GlobalSection(ProjectConfigurationPlatforms) = postSolution
		{D1431F52-7460-4618-8951-00F2D2A5584D}.Debug|Any CPU.ActiveCfg = Debug|Any CPU
		{D1431F52-7460-4618-8951-00F2D2A5584D}.Debug|Any CPU.Build.0 = Debug|Any CPU
		{D1431F52-7460-4618-8951-00F2D2A5584D}.Release|Any CPU.ActiveCfg = Release|Any CPU
		{D1431F52-7460-4618-8951-00F2D2A5584D}.Release|Any CPU.Build.0 = Release|Any CPU
	EndGlobalSection
	GlobalSection(SolutionProperties) = preSolution
		HideSolutionNode = FALSE
	EndGlobalSection
	GlobalSection(ExtensibilityGlobals) = postSolution
		SolutionGuid = {D27C3C70-EDDF-4032-A3C1-5EFACB90397D}
	EndGlobalSection
EndGlobal
