
Microsoft Visual Studio Solution File, Format Version 12.00
# Visual Studio Version 17
VisualStudioVersion = 17.3.32922.545
MinimumVisualStudioVersion = 10.0.40219.1
Project("{F184B08F-C81C-45F6-A57F-5ABD9991F28F}") = "P3_EnkelMatte", "P3_EnkelMatte\P3_EnkelMatte.vbproj", "{8B1CF752-1715-4038-A33C-178A3ADC1171}"
EndProject
Global
	GlobalSection(SolutionConfigurationPlatforms) = preSolution
		Debug|Any CPU = Debug|Any CPU
		Release|Any CPU = Release|Any CPU
	EndGlobalSection
	GlobalSection(ProjectConfigurationPlatforms) = postSolution
		{8B1CF752-1715-4038-A33C-178A3ADC1171}.Debug|Any CPU.ActiveCfg = Debug|Any CPU
		{8B1CF752-1715-4038-A33C-178A3ADC1171}.Debug|Any CPU.Build.0 = Debug|Any CPU
		{8B1CF752-1715-4038-A33C-178A3ADC1171}.Release|Any CPU.ActiveCfg = Release|Any CPU
		{8B1CF752-1715-4038-A33C-178A3ADC1171}.Release|Any CPU.Build.0 = Release|Any CPU
	EndGlobalSection
	GlobalSection(SolutionProperties) = preSolution
		HideSolutionNode = FALSE
	EndGlobalSection
	GlobalSection(ExtensibilityGlobals) = postSolution
		SolutionGuid = {E84560F2-719A-4FFC-A3C4-CA30DFC5AFB3}
	EndGlobalSection
EndGlobal
